// !$*UTF8*$!
{
	archiveVersion = 1;
	classes = {
	};
	objectVersion = 48;
	objects = {

/* Begin PBXBuildFile section */
		88C9B39D222EE652002C8626 /* Assets.xcassets in Resources */ = {isa = PBXBuildFile; fileRef = C4785497222EC8AD003ADF50 /* Assets.xcassets */; };
		88C9B3A0222EE6C3002C8626 /* ArticleTableViewCell.swift in Sources */ = {isa = PBXBuildFile; fileRef = 88C9B39E222EE6C3002C8626 /* ArticleTableViewCell.swift */; };
		88C9B3A9222F0171002C8626 /* day08_framework.framework in Frameworks */ = {isa = PBXBuildFile; fileRef = 88C9B3A8222F0168002C8626 /* day08_framework.framework */; };
		88C9B3AA222F0171002C8626 /* day08_framework.framework in Embed Frameworks */ = {isa = PBXBuildFile; fileRef = 88C9B3A8222F0168002C8626 /* day08_framework.framework */; settings = {ATTRIBUTES = (CodeSignOnCopy, RemoveHeadersOnCopy, ); }; };
		C4785491222EC8AD003ADF50 /* AppDelegate.swift in Sources */ = {isa = PBXBuildFile; fileRef = C4785490222EC8AD003ADF50 /* AppDelegate.swift */; };
		C4785493222EC8AD003ADF50 /* ViewController.swift in Sources */ = {isa = PBXBuildFile; fileRef = C4785492222EC8AD003ADF50 /* ViewController.swift */; };
		C4785496222EC8AD003ADF50 /* Main.storyboard in Resources */ = {isa = PBXBuildFile; fileRef = C4785494222EC8AD003ADF50 /* Main.storyboard */; };
		C4785498222EC8AD003ADF50 /* Assets.xcassets in Resources */ = {isa = PBXBuildFile; fileRef = C4785497222EC8AD003ADF50 /* Assets.xcassets */; };
		C478549B222EC8AD003ADF50 /* LaunchScreen.storyboard in Resources */ = {isa = PBXBuildFile; fileRef = C4785499222EC8AD003ADF50 /* LaunchScreen.storyboard */; };
		C47854A9222EC902003ADF50 /* NotificationCenter.framework in Frameworks */ = {isa = PBXBuildFile; fileRef = C47854A8222EC902003ADF50 /* NotificationCenter.framework */; };
		C47854AC222EC902003ADF50 /* TodayViewController.swift in Sources */ = {isa = PBXBuildFile; fileRef = C47854AB222EC902003ADF50 /* TodayViewController.swift */; };
		C47854AF222EC902003ADF50 /* MainInterface.storyboard in Resources */ = {isa = PBXBuildFile; fileRef = C47854AD222EC902003ADF50 /* MainInterface.storyboard */; };
		C47854B3222EC902003ADF50 /* todayExtension.appex in Embed App Extensions */ = {isa = PBXBuildFile; fileRef = C47854A6222EC902003ADF50 /* todayExtension.appex */; settings = {ATTRIBUTES = (RemoveHeadersOnCopy, ); }; };
/* End PBXBuildFile section */

/* Begin PBXContainerItemProxy section */
		88C9B3A7222F0168002C8626 /* PBXContainerItemProxy */ = {
			isa = PBXContainerItemProxy;
			containerPortal = 88C9B3A3222F0168002C8626 /* day08_framework.xcodeproj */;
			proxyType = 2;
			remoteGlobalIDString = C4B94C72222E6724001B74BA;
			remoteInfo = day08_framework;
		};
		88C9B3AB222F0171002C8626 /* PBXContainerItemProxy */ = {
			isa = PBXContainerItemProxy;
			containerPortal = 88C9B3A3222F0168002C8626 /* day08_framework.xcodeproj */;
			proxyType = 1;
			remoteGlobalIDString = C4B94C71222E6724001B74BA;
			remoteInfo = day08_framework;
		};
		C47854B1222EC902003ADF50 /* PBXContainerItemProxy */ = {
			isa = PBXContainerItemProxy;
			containerPortal = C4785485222EC8AD003ADF50 /* Project object */;
			proxyType = 1;
			remoteGlobalIDString = C47854A5222EC902003ADF50;
			remoteInfo = todayExtension;
		};
/* End PBXContainerItemProxy section */

/* Begin PBXCopyFilesBuildPhase section */
		88C9B3AD222F0171002C8626 /* Embed Frameworks */ = {
			isa = PBXCopyFilesBuildPhase;
			buildActionMask = 2147483647;
			dstPath = "";
			dstSubfolderSpec = 10;
			files = (
				88C9B3AA222F0171002C8626 /* day08_framework.framework in Embed Frameworks */,
			);
			name = "Embed Frameworks";
			runOnlyForDeploymentPostprocessing = 0;
		};
		C47854B7222EC902003ADF50 /* Embed App Extensions */ = {
			isa = PBXCopyFilesBuildPhase;
			buildActionMask = 2147483647;
			dstPath = "";
			dstSubfolderSpec = 13;
			files = (
				C47854B3222EC902003ADF50 /* todayExtension.appex in Embed App Extensions */,
			);
			name = "Embed App Extensions";
			runOnlyForDeploymentPostprocessing = 0;
		};
/* End PBXCopyFilesBuildPhase section */

/* Begin PBXFileReference section */
		88C9B39E222EE6C3002C8626 /* ArticleTableViewCell.swift */ = {isa = PBXFileReference; lastKnownFileType = sourcecode.swift; path = ArticleTableViewCell.swift; sourceTree = "<group>"; };
		88C9B3A3222F0168002C8626 /* day08_framework.xcodeproj */ = {isa = PBXFileReference; lastKnownFileType = "wrapper.pb-project"; name = day08_framework.xcodeproj; path = ../day08_framework/day08_framework.xcodeproj; sourceTree = "<group>"; };
		C478548D222EC8AD003ADF50 /* day09.app */ = {isa = PBXFileReference; explicitFileType = wrapper.application; includeInIndex = 0; path = day09.app; sourceTree = BUILT_PRODUCTS_DIR; };
		C4785490222EC8AD003ADF50 /* AppDelegate.swift */ = {isa = PBXFileReference; lastKnownFileType = sourcecode.swift; path = AppDelegate.swift; sourceTree = "<group>"; };
		C4785492222EC8AD003ADF50 /* ViewController.swift */ = {isa = PBXFileReference; lastKnownFileType = sourcecode.swift; path = ViewController.swift; sourceTree = "<group>"; };
		C4785495222EC8AD003ADF50 /* Base */ = {isa = PBXFileReference; lastKnownFileType = file.storyboard; name = Base; path = Base.lproj/Main.storyboard; sourceTree = "<group>"; };
		C4785497222EC8AD003ADF50 /* Assets.xcassets */ = {isa = PBXFileReference; lastKnownFileType = folder.assetcatalog; path = Assets.xcassets; sourceTree = "<group>"; };
		C478549A222EC8AD003ADF50 /* Base */ = {isa = PBXFileReference; lastKnownFileType = file.storyboard; name = Base; path = Base.lproj/LaunchScreen.storyboard; sourceTree = "<group>"; };
		C478549C222EC8AD003ADF50 /* Info.plist */ = {isa = PBXFileReference; lastKnownFileType = text.plist.xml; path = Info.plist; sourceTree = "<group>"; };
		C47854A6222EC902003ADF50 /* todayExtension.appex */ = {isa = PBXFileReference; explicitFileType = "wrapper.app-extension"; includeInIndex = 0; path = todayExtension.appex; sourceTree = BUILT_PRODUCTS_DIR; };
		C47854A8222EC902003ADF50 /* NotificationCenter.framework */ = {isa = PBXFileReference; lastKnownFileType = wrapper.framework; name = NotificationCenter.framework; path = System/Library/Frameworks/NotificationCenter.framework; sourceTree = SDKROOT; };
		C47854AB222EC902003ADF50 /* TodayViewController.swift */ = {isa = PBXFileReference; lastKnownFileType = sourcecode.swift; path = TodayViewController.swift; sourceTree = "<group>"; };
		C47854AE222EC902003ADF50 /* Base */ = {isa = PBXFileReference; lastKnownFileType = file.storyboard; name = Base; path = Base.lproj/MainInterface.storyboard; sourceTree = "<group>"; };
		C47854B0222EC902003ADF50 /* Info.plist */ = {isa = PBXFileReference; lastKnownFileType = text.plist.xml; path = Info.plist; sourceTree = "<group>"; };
/* End PBXFileReference section */

/* Begin PBXFrameworksBuildPhase section */
		C478548A222EC8AD003ADF50 /* Frameworks */ = {
			isa = PBXFrameworksBuildPhase;
			buildActionMask = 2147483647;
			files = (
				88C9B3A9222F0171002C8626 /* day08_framework.framework in Frameworks */,
			);
			runOnlyForDeploymentPostprocessing = 0;
		};
		C47854A3222EC902003ADF50 /* Frameworks */ = {
			isa = PBXFrameworksBuildPhase;
			buildActionMask = 2147483647;
			files = (
				C47854A9222EC902003ADF50 /* NotificationCenter.framework in Frameworks */,
			);
			runOnlyForDeploymentPostprocessing = 0;
		};
/* End PBXFrameworksBuildPhase section */

/* Begin PBXGroup section */
		88C9B3A4222F0168002C8626 /* Products */ = {
			isa = PBXGroup;
			children = (
				88C9B3A8222F0168002C8626 /* day08_framework.framework */,
			);
			name = Products;
			sourceTree = "<group>";
		};
		C4785484222EC8AD003ADF50 = {
			isa = PBXGroup;
			children = (
				88C9B3A3222F0168002C8626 /* day08_framework.xcodeproj */,
				C478548F222EC8AD003ADF50 /* day09 */,
				C47854AA222EC902003ADF50 /* todayExtension */,
				C47854A7222EC902003ADF50 /* Frameworks */,
				C478548E222EC8AD003ADF50 /* Products */,
			);
			sourceTree = "<group>";
		};
		C478548E222EC8AD003ADF50 /* Products */ = {
			isa = PBXGroup;
			children = (
				C478548D222EC8AD003ADF50 /* day09.app */,
				C47854A6222EC902003ADF50 /* todayExtension.appex */,
			);
			name = Products;
			sourceTree = "<group>";
		};
		C478548F222EC8AD003ADF50 /* day09 */ = {
			isa = PBXGroup;
			children = (
				C4785490222EC8AD003ADF50 /* AppDelegate.swift */,
				C4785492222EC8AD003ADF50 /* ViewController.swift */,
				C4785494222EC8AD003ADF50 /* Main.storyboard */,
				C4785497222EC8AD003ADF50 /* Assets.xcassets */,
				C4785499222EC8AD003ADF50 /* LaunchScreen.storyboard */,
				C478549C222EC8AD003ADF50 /* Info.plist */,
			);
			path = day09;
			sourceTree = "<group>";
		};
		C47854A7222EC902003ADF50 /* Frameworks */ = {
			isa = PBXGroup;
			children = (
				C47854A8222EC902003ADF50 /* NotificationCenter.framework */,
			);
			name = Frameworks;
			sourceTree = "<group>";
		};
		C47854AA222EC902003ADF50 /* todayExtension */ = {
			isa = PBXGroup;
			children = (
				C47854AB222EC902003ADF50 /* TodayViewController.swift */,
				88C9B39E222EE6C3002C8626 /* ArticleTableViewCell.swift */,
				C47854AD222EC902003ADF50 /* MainInterface.storyboard */,
				C47854B0222EC902003ADF50 /* Info.plist */,
			);
			path = todayExtension;
			sourceTree = "<group>";
		};
/* End PBXGroup section */

/* Begin PBXNativeTarget section */
		C478548C222EC8AD003ADF50 /* day09 */ = {
			isa = PBXNativeTarget;
			buildConfigurationList = C478549F222EC8AD003ADF50 /* Build configuration list for PBXNativeTarget "day09" */;
			buildPhases = (
				C4785489222EC8AD003ADF50 /* Sources */,
				C478548A222EC8AD003ADF50 /* Frameworks */,
				C478548B222EC8AD003ADF50 /* Resources */,
				C47854B7222EC902003ADF50 /* Embed App Extensions */,
				88C9B3AD222F0171002C8626 /* Embed Frameworks */,
			);
			buildRules = (
			);
			dependencies = (
				C47854B2222EC902003ADF50 /* PBXTargetDependency */,
				88C9B3AC222F0171002C8626 /* PBXTargetDependency */,
			);
			name = day09;
			productName = day09;
			productReference = C478548D222EC8AD003ADF50 /* day09.app */;
			productType = "com.apple.product-type.application";
		};
		C47854A5222EC902003ADF50 /* todayExtension */ = {
			isa = PBXNativeTarget;
			buildConfigurationList = C47854B4222EC902003ADF50 /* Build configuration list for PBXNativeTarget "todayExtension" */;
			buildPhases = (
				C47854A2222EC902003ADF50 /* Sources */,
				C47854A3222EC902003ADF50 /* Frameworks */,
				C47854A4222EC902003ADF50 /* Resources */,
			);
			buildRules = (
			);
			dependencies = (
			);
			name = todayExtension;
			productName = todayExtension;
			productReference = C47854A6222EC902003ADF50 /* todayExtension.appex */;
			productType = "com.apple.product-type.app-extension";
		};
/* End PBXNativeTarget section */

/* Begin PBXProject section */
		C4785485222EC8AD003ADF50 /* Project object */ = {
			isa = PBXProject;
			attributes = {
				LastSwiftUpdateCheck = 0920;
				LastUpgradeCheck = 0920;
				ORGANIZATIONNAME = "Antoine FEUERSTEIN";
				TargetAttributes = {
					C478548C222EC8AD003ADF50 = {
						CreatedOnToolsVersion = 9.2;
						ProvisioningStyle = Automatic;
					};
					C47854A5222EC902003ADF50 = {
						CreatedOnToolsVersion = 9.2;
						ProvisioningStyle = Automatic;
					};
				};
			};
			buildConfigurationList = C4785488222EC8AD003ADF50 /* Build configuration list for PBXProject "day09" */;
			compatibilityVersion = "Xcode 8.0";
			developmentRegion = en;
			hasScannedForEncodings = 0;
			knownRegions = (
				en,
				Base,
			);
			mainGroup = C4785484222EC8AD003ADF50;
			productRefGroup = C478548E222EC8AD003ADF50 /* Products */;
			projectDirPath = "";
			projectReferences = (
				{
					ProductGroup = 88C9B3A4222F0168002C8626 /* Products */;
					ProjectRef = 88C9B3A3222F0168002C8626 /* day08_framework.xcodeproj */;
				},
			);
			projectRoot = "";
			targets = (
				C478548C222EC8AD003ADF50 /* day09 */,
				C47854A5222EC902003ADF50 /* todayExtension */,
			);
		};
/* End PBXProject section */

/* Begin PBXReferenceProxy section */
		88C9B3A8222F0168002C8626 /* day08_framework.framework */ = {
			isa = PBXReferenceProxy;
			fileType = wrapper.framework;
			path = day08_framework.framework;
			remoteRef = 88C9B3A7222F0168002C8626 /* PBXContainerItemProxy */;
			sourceTree = BUILT_PRODUCTS_DIR;
		};
/* End PBXReferenceProxy section */

/* Begin PBXResourcesBuildPhase section */
		C478548B222EC8AD003ADF50 /* Resources */ = {
			isa = PBXResourcesBuildPhase;
			buildActionMask = 2147483647;
			files = (
				C478549B222EC8AD003ADF50 /* LaunchScreen.storyboard in Resources */,
				C4785498222EC8AD003ADF50 /* Assets.xcassets in Resources */,
				C4785496222EC8AD003ADF50 /* Main.storyboard in Resources */,
			);
			runOnlyForDeploymentPostprocessing = 0;
		};
		C47854A4222EC902003ADF50 /* Resources */ = {
			isa = PBXResourcesBuildPhase;
			buildActionMask = 2147483647;
			files = (
				88C9B39D222EE652002C8626 /* Assets.xcassets in Resources */,
				C47854AF222EC902003ADF50 /* MainInterface.storyboard in Resources */,
			);
			runOnlyForDeploymentPostprocessing = 0;
		};
/* End PBXResourcesBuildPhase section */

/* Begin PBXSourcesBuildPhase section */
		C4785489222EC8AD003ADF50 /* Sources */ = {
			isa = PBXSourcesBuildPhase;
			buildActionMask = 2147483647;
			files = (
				C4785493222EC8AD003ADF50 /* ViewController.swift in Sources */,
				C4785491222EC8AD003ADF50 /* AppDelegate.swift in Sources */,
			);
			runOnlyForDeploymentPostprocessing = 0;
		};
		C47854A2222EC902003ADF50 /* Sources */ = {
			isa = PBXSourcesBuildPhase;
			buildActionMask = 2147483647;
			files = (
				88C9B3A0222EE6C3002C8626 /* ArticleTableViewCell.swift in Sources */,
				C47854AC222EC902003ADF50 /* TodayViewController.swift in Sources */,
			);
			runOnlyForDeploymentPostprocessing = 0;
		};
/* End PBXSourcesBuildPhase section */

/* Begin PBXTargetDependency section */
		88C9B3AC222F0171002C8626 /* PBXTargetDependency */ = {
			isa = PBXTargetDependency;
			name = day08_framework;
			targetProxy = 88C9B3AB222F0171002C8626 /* PBXContainerItemProxy */;
		};
		C47854B2222EC902003ADF50 /* PBXTargetDependency */ = {
			isa = PBXTargetDependency;
			target = C47854A5222EC902003ADF50 /* todayExtension */;
			targetProxy = C47854B1222EC902003ADF50 /* PBXContainerItemProxy */;
		};
/* End PBXTargetDependency section */

/* Begin PBXVariantGroup section */
		C4785494222EC8AD003ADF50 /* Main.storyboard */ = {
			isa = PBXVariantGroup;
			children = (
				C4785495222EC8AD003ADF50 /* Base */,
			);
			name = Main.storyboard;
			sourceTree = "<group>";
		};
		C4785499222EC8AD003ADF50 /* LaunchScreen.storyboard */ = {
			isa = PBXVariantGroup;
			children = (
				C478549A222EC8AD003ADF50 /* Base */,
			);
			name = LaunchScreen.storyboard;
			sourceTree = "<group>";
		};
		C47854AD222EC902003ADF50 /* MainInterface.storyboard */ = {
			isa = PBXVariantGroup;
			children = (
				C47854AE222EC902003ADF50 /* Base */,
			);
			name = MainInterface.storyboard;
			sourceTree = "<group>";
		};
/* End PBXVariantGroup section */

/* Begin XCBuildConfiguration section */
		C478549D222EC8AD003ADF50 /* Debug */ = {
			isa = XCBuildConfiguration;
			buildSettings = {
				ALWAYS_SEARCH_USER_PATHS = NO;
				CLANG_ANALYZER_NONNULL = YES;
				CLANG_ANALYZER_NUMBER_OBJECT_CONVERSION = YES_AGGRESSIVE;
				CLANG_CXX_LANGUAGE_STANDARD = "gnu++14";
				CLANG_CXX_LIBRARY = "libc++";
				CLANG_ENABLE_MODULES = YES;
				CLANG_ENABLE_OBJC_ARC = YES;
				CLANG_WARN_BLOCK_CAPTURE_AUTORELEASING = YES;
				CLANG_WARN_BOOL_CONVERSION = YES;
				CLANG_WARN_COMMA = YES;
				CLANG_WARN_CONSTANT_CONVERSION = YES;
				CLANG_WARN_DIRECT_OBJC_ISA_USAGE = YES_ERROR;
				CLANG_WARN_DOCUMENTATION_COMMENTS = YES;
				CLANG_WARN_EMPTY_BODY = YES;
				CLANG_WARN_ENUM_CONVERSION = YES;
				CLANG_WARN_INFINITE_RECURSION = YES;
				CLANG_WARN_INT_CONVERSION = YES;
				CLANG_WARN_NON_LITERAL_NULL_CONVERSION = YES;
				CLANG_WARN_OBJC_LITERAL_CONVERSION = YES;
				CLANG_WARN_OBJC_ROOT_CLASS = YES_ERROR;
				CLANG_WARN_RANGE_LOOP_ANALYSIS = YES;
				CLANG_WARN_STRICT_PROTOTYPES = YES;
				CLANG_WARN_SUSPICIOUS_MOVE = YES;
				CLANG_WARN_UNGUARDED_AVAILABILITY = YES_AGGRESSIVE;
				CLANG_WARN_UNREACHABLE_CODE = YES;
				CLANG_WARN__DUPLICATE_METHOD_MATCH = YES;
				CODE_SIGN_IDENTITY = "iPhone Developer";
				COPY_PHASE_STRIP = NO;
				DEBUG_INFORMATION_FORMAT = dwarf;
				ENABLE_STRICT_OBJC_MSGSEND = YES;
				ENABLE_TESTABILITY = YES;
				GCC_C_LANGUAGE_STANDARD = gnu11;
				GCC_DYNAMIC_NO_PIC = NO;
				GCC_NO_COMMON_BLOCKS = YES;
				GCC_OPTIMIZATION_LEVEL = 0;
				GCC_PREPROCESSOR_DEFINITIONS = (
					"DEBUG=1",
					"$(inherited)",
				);
				GCC_WARN_64_TO_32_BIT_CONVERSION = YES;
				GCC_WARN_ABOUT_RETURN_TYPE = YES_ERROR;
				GCC_WARN_UNDECLARED_SELECTOR = YES;
				GCC_WARN_UNINITIALIZED_AUTOS = YES_AGGRESSIVE;
				GCC_WARN_UNUSED_FUNCTION = YES;
				GCC_WARN_UNUSED_VARIABLE = YES;
				IPHONEOS_DEPLOYMENT_TARGET = 11.2;
				MTL_ENABLE_DEBUG_INFO = YES;
				ONLY_ACTIVE_ARCH = YES;
				SDKROOT = iphoneos;
				SWIFT_ACTIVE_COMPILATION_CONDITIONS = DEBUG;
				SWIFT_OPTIMIZATION_LEVEL = "-Onone";
			};
			name = Debug;
		};
		C478549E222EC8AD003ADF50 /* Release */ = {
			isa = XCBuildConfiguration;
			buildSettings = {
				ALWAYS_SEARCH_USER_PATHS = NO;
				CLANG_ANALYZER_NONNULL = YES;
				CLANG_ANALYZER_NUMBER_OBJECT_CONVERSION = YES_AGGRESSIVE;
				CLANG_CXX_LANGUAGE_STANDARD = "gnu++14";
				CLANG_CXX_LIBRARY = "libc++";
				CLANG_ENABLE_MODULES = YES;
				CLANG_ENABLE_OBJC_ARC = YES;
				CLANG_WARN_BLOCK_CAPTURE_AUTORELEASING = YES;
				CLANG_WARN_BOOL_CONVERSION = YES;
				CLANG_WARN_COMMA = YES;
				CLANG_WARN_CONSTANT_CONVERSION = YES;
				CLANG_WARN_DIRECT_OBJC_ISA_USAGE = YES_ERROR;
				CLANG_WARN_DOCUMENTATION_COMMENTS = YES;
				CLANG_WARN_EMPTY_BODY = YES;
				CLANG_WARN_ENUM_CONVERSION = YES;
				CLANG_WARN_INFINITE_RECURSION = YES;
				CLANG_WARN_INT_CONVERSION = YES;
				CLANG_WARN_NON_LITERAL_NULL_CONVERSION = YES;
				CLANG_WARN_OBJC_LITERAL_CONVERSION = YES;
				CLANG_WARN_OBJC_ROOT_CLASS = YES_ERROR;
				CLANG_WARN_RANGE_LOOP_ANALYSIS = YES;
				CLANG_WARN_STRICT_PROTOTYPES = YES;
				CLANG_WARN_SUSPICIOUS_MOVE = YES;
				CLANG_WARN_UNGUARDED_AVAILABILITY = YES_AGGRESSIVE;
				CLANG_WARN_UNREACHABLE_CODE = YES;
				CLANG_WARN__DUPLICATE_METHOD_MATCH = YES;
				CODE_SIGN_IDENTITY = "iPhone Developer";
				COPY_PHASE_STRIP = NO;
				DEBUG_INFORMATION_FORMAT = "dwarf-with-dsym";
				ENABLE_NS_ASSERTIONS = NO;
				ENABLE_STRICT_OBJC_MSGSEND = YES;
				GCC_C_LANGUAGE_STANDARD = gnu11;
				GCC_NO_COMMON_BLOCKS = YES;
				GCC_WARN_64_TO_32_BIT_CONVERSION = YES;
				GCC_WARN_ABOUT_RETURN_TYPE = YES_ERROR;
				GCC_WARN_UNDECLARED_SELECTOR = YES;
				GCC_WARN_UNINITIALIZED_AUTOS = YES_AGGRESSIVE;
				GCC_WARN_UNUSED_FUNCTION = YES;
				GCC_WARN_UNUSED_VARIABLE = YES;
				IPHONEOS_DEPLOYMENT_TARGET = 11.2;
				MTL_ENABLE_DEBUG_INFO = NO;
				SDKROOT = iphoneos;
				SWIFT_OPTIMIZATION_LEVEL = "-Owholemodule";
				VALIDATE_PRODUCT = YES;
			};
			name = Release;
		};
		C47854A0222EC8AD003ADF50 /* Debug */ = {
			isa = XCBuildConfiguration;
			buildSettings = {
				ALWAYS_EMBED_SWIFT_STANDARD_LIBRARIES = YES;
				ASSETCATALOG_COMPILER_APPICON_NAME = AppIcon;
				CODE_SIGN_STYLE = Automatic;
				INFOPLIST_FILE = day09/Info.plist;
				LD_RUNPATH_SEARCH_PATHS = "$(inherited) @executable_path/Frameworks";
				PRODUCT_BUNDLE_IDENTIFIER = "com.z-zero.day09";
				PRODUCT_NAME = "$(TARGET_NAME)";
				SWIFT_VERSION = 4.0;
				TARGETED_DEVICE_FAMILY = "1,2";
			};
			name = Debug;
		};
		C47854A1222EC8AD003ADF50 /* Release */ = {
			isa = XCBuildConfiguration;
			buildSettings = {
				ALWAYS_EMBED_SWIFT_STANDARD_LIBRARIES = YES;
				ASSETCATALOG_COMPILER_APPICON_NAME = AppIcon;
				CODE_SIGN_STYLE = Automatic;
				INFOPLIST_FILE = day09/Info.plist;
				LD_RUNPATH_SEARCH_PATHS = "$(inherited) @executable_path/Frameworks";
				PRODUCT_BUNDLE_IDENTIFIER = "com.z-zero.day09";
				PRODUCT_NAME = "$(TARGET_NAME)";
				SWIFT_VERSION = 4.0;
				TARGETED_DEVICE_FAMILY = "1,2";
			};
			name = Release;
		};
		C47854B5222EC902003ADF50 /* Debug */ = {
			isa = XCBuildConfiguration;
			buildSettings = {
				CODE_SIGN_STYLE = Automatic;
				INFOPLIST_FILE = todayExtension/Info.plist;
				LD_RUNPATH_SEARCH_PATHS = "$(inherited) @executable_path/Frameworks @executable_path/../../Frameworks";
				PRODUCT_BUNDLE_IDENTIFIER = "com.z-zero.day09.todayExtension";
				PRODUCT_NAME = "$(TARGET_NAME)";
				SKIP_INSTALL = YES;
				SWIFT_VERSION = 4.0;
				TARGETED_DEVICE_FAMILY = "1,2";
			};
			name = Debug;
		};
		C47854B6222EC902003ADF50 /* Release */ = {
			isa = XCBuildConfiguration;
			buildSettings = {
				CODE_SIGN_STYLE = Automatic;
				INFOPLIST_FILE = todayExtension/Info.plist;
				LD_RUNPATH_SEARCH_PATHS = "$(inherited) @executable_path/Frameworks @executable_path/../../Frameworks";
				PRODUCT_BUNDLE_IDENTIFIER = "com.z-zero.day09.todayExtension";
				PRODUCT_NAME = "$(TARGET_NAME)";
				SKIP_INSTALL = YES;
				SWIFT_VERSION = 4.0;
				TARGETED_DEVICE_FAMILY = "1,2";
			};
			name = Release;
		};
/* End XCBuildConfiguration section */

/* Begin XCConfigurationList section */
		C4785488222EC8AD003ADF50 /* Build configuration list for PBXProject "day09" */ = {
			isa = XCConfigurationList;
			buildConfigurations = (
				C478549D222EC8AD003ADF50 /* Debug */,
				C478549E222EC8AD003ADF50 /* Release */,
			);
			defaultConfigurationIsVisible = 0;
			defaultConfigurationName = Release;
		};
		C478549F222EC8AD003ADF50 /* Build configuration list for PBXNativeTarget "day09" */ = {
			isa = XCConfigurationList;
			buildConfigurations = (
				C47854A0222EC8AD003ADF50 /* Debug */,
				C47854A1222EC8AD003ADF50 /* Release */,
			);
			defaultConfigurationIsVisible = 0;
			defaultConfigurationName = Release;
		};
		C47854B4222EC902003ADF50 /* Build configuration list for PBXNativeTarget "todayExtension" */ = {
			isa = XCConfigurationList;
			buildConfigurations = (
				C47854B5222EC902003ADF50 /* Debug */,
				C47854B6222EC902003ADF50 /* Release */,
			);
			defaultConfigurationIsVisible = 0;
			defaultConfigurationName = Release;
		};
/* End XCConfigurationList section */
	};
	rootObject = C4785485222EC8AD003ADF50 /* Project object */;
}
